// !$*UTF8*$!
{
	archiveVersion = 1;
	classes = {
	};
	objectVersion = 46;
	objects = {

/* Begin PBXBuildFile section */
		55008B331A1E9D6100B82A0E /* devlink.cpp in Sources */ = {isa = PBXBuildFile; fileRef = 55008B241A1E9D6100B82A0E /* devlink.cpp */; };
		55008B371A1E9D6100B82A0E /* Feedback360Effect.cpp in Sources */ = {isa = PBXBuildFile; fileRef = 55008B2E1A1E9D6100B82A0E /* Feedback360Effect.cpp */; };
		55706D3D1A1E9DE10000FD93 /* FeedbackXBoxOriginal.cpp in Sources */ = {isa = PBXBuildFile; fileRef = 55706D3B1A1E9DE10000FD93 /* FeedbackXBoxOriginal.cpp */; };
		55706D3F1A1E9E170000FD93 /* ForceFeedback.framework in Frameworks */ = {isa = PBXBuildFile; fileRef = 55706D3E1A1E9E170000FD93 /* ForceFeedback.framework */; };
		55706D411A1E9E1D0000FD93 /* IOKit.framework in Frameworks */ = {isa = PBXBuildFile; fileRef = 55706D401A1E9E1D0000FD93 /* IOKit.framework */; };
		55706D431A1EA3F90000FD93 /* CoreFoundation.framework in Frameworks */ = {isa = PBXBuildFile; fileRef = 55706D421A1EA3F90000FD93 /* CoreFoundation.framework */; };
		55706D471A1EA4D70000FD93 /* FeedbackXBox.plugin in Copy Plug-Ins */ = {isa = PBXBuildFile; fileRef = 55008B1C1A1E9D2D00B82A0E /* FeedbackXBox.plugin */; settings = {ATTRIBUTES = (CodeSignOnCopy, RemoveHeadersOnCopy, ); }; };
		872993CE167751DE00CDE91A /* DWXBoxHIDDriver.h in Headers */ = {isa = PBXBuildFile; fileRef = 876927881675A53400A2EA18 /* DWXBoxHIDDriver.h */; };
		876927871675A53400A2EA18 /* InfoPlist.strings in Resources */ = {isa = PBXBuildFile; fileRef = 876927851675A53400A2EA18 /* InfoPlist.strings */; };
		8769278A1675A53400A2EA18 /* DWXBoxHIDDriver.cpp in Sources */ = {isa = PBXBuildFile; fileRef = 876927891675A53400A2EA18 /* DWXBoxHIDDriver.cpp */; };
		876927971675A5C000A2EA18 /* DWXBoxHIDDriverKeys.h in Headers */ = {isa = PBXBuildFile; fileRef = 876927961675A5C000A2EA18 /* DWXBoxHIDDriverKeys.h */; };
/* End PBXBuildFile section */

/* Begin PBXContainerItemProxy section */
		55706D441A1EA4BF0000FD93 /* PBXContainerItemProxy */ = {
			isa = PBXContainerItemProxy;
			containerPortal = 876927721675A53300A2EA18 /* Project object */;
			proxyType = 1;
			remoteGlobalIDString = 55008B1B1A1E9D2D00B82A0E;
			remoteInfo = FeedbackXBox;
		};
/* End PBXContainerItemProxy section */

/* Begin PBXCopyFilesBuildPhase section */
		55706D461A1EA4C70000FD93 /* Copy Plug-Ins */ = {
			isa = PBXCopyFilesBuildPhase;
			buildActionMask = 2147483647;
			dstPath = "";
			dstSubfolderSpec = 13;
			files = (
				55706D471A1EA4D70000FD93 /* FeedbackXBox.plugin in Copy Plug-Ins */,
			);
			name = "Copy Plug-Ins";
			runOnlyForDeploymentPostprocessing = 0;
		};
/* End PBXCopyFilesBuildPhase section */

/* Begin PBXFileReference section */
		55008B1C1A1E9D2D00B82A0E /* FeedbackXBox.plugin */ = {isa = PBXFileReference; explicitFileType = wrapper.cfbundle; includeInIndex = 0; path = FeedbackXBox.plugin; sourceTree = BUILT_PRODUCTS_DIR; };
		55008B1F1A1E9D2D00B82A0E /* Info.plist */ = {isa = PBXFileReference; lastKnownFileType = text.plist.xml; path = Info.plist; sourceTree = "<group>"; };
		55008B241A1E9D6100B82A0E /* devlink.cpp */ = {isa = PBXFileReference; fileEncoding = 4; lastKnownFileType = sourcecode.cpp.cpp; path = devlink.cpp; sourceTree = "<group>"; };
		55008B251A1E9D6100B82A0E /* devlink.h */ = {isa = PBXFileReference; fileEncoding = 4; lastKnownFileType = sourcecode.c.h; path = devlink.h; sourceTree = "<group>"; };
		55008B2E1A1E9D6100B82A0E /* Feedback360Effect.cpp */ = {isa = PBXFileReference; fileEncoding = 4; lastKnownFileType = sourcecode.cpp.cpp; path = Feedback360Effect.cpp; sourceTree = "<group>"; };
		55008B2F1A1E9D6100B82A0E /* Feedback360Effect.h */ = {isa = PBXFileReference; fileEncoding = 4; lastKnownFileType = sourcecode.c.h; path = Feedback360Effect.h; sourceTree = "<group>"; };
		55706D3B1A1E9DE10000FD93 /* FeedbackXBoxOriginal.cpp */ = {isa = PBXFileReference; fileEncoding = 4; lastKnownFileType = sourcecode.cpp.cpp; path = FeedbackXBoxOriginal.cpp; sourceTree = "<group>"; };
		55706D3C1A1E9DE10000FD93 /* FeedbackXBoxOriginal.h */ = {isa = PBXFileReference; fileEncoding = 4; lastKnownFileType = sourcecode.c.h; path = FeedbackXBoxOriginal.h; sourceTree = "<group>"; };
		55706D3E1A1E9E170000FD93 /* ForceFeedback.framework */ = {isa = PBXFileReference; lastKnownFileType = wrapper.framework; name = ForceFeedback.framework; path = System/Library/Frameworks/ForceFeedback.framework; sourceTree = SDKROOT; };
		55706D401A1E9E1D0000FD93 /* IOKit.framework */ = {isa = PBXFileReference; lastKnownFileType = wrapper.framework; name = IOKit.framework; path = System/Library/Frameworks/IOKit.framework; sourceTree = SDKROOT; };
		55706D421A1EA3F90000FD93 /* CoreFoundation.framework */ = {isa = PBXFileReference; lastKnownFileType = wrapper.framework; name = CoreFoundation.framework; path = System/Library/Frameworks/CoreFoundation.framework; sourceTree = SDKROOT; };
		8769277D1675A53400A2EA18 /* DWXBoxHIDDriver.kext */ = {isa = PBXFileReference; explicitFileType = wrapper.cfbundle; includeInIndex = 0; path = DWXBoxHIDDriver.kext; sourceTree = BUILT_PRODUCTS_DIR; };
		876927811675A53400A2EA18 /* Kernel.framework */ = {isa = PBXFileReference; lastKnownFileType = wrapper.framework; name = Kernel.framework; path = System/Library/Frameworks/Kernel.framework; sourceTree = SDKROOT; };
		876927841675A53400A2EA18 /* Info-DWXBoxHIDDriver__Upgraded_.plist */ = {isa = PBXFileReference; lastKnownFileType = text.plist.xml; path = "Info-DWXBoxHIDDriver__Upgraded_.plist"; sourceTree = "<group>"; };
		876927861675A53400A2EA18 /* en */ = {isa = PBXFileReference; lastKnownFileType = text.plist.strings; name = en; path = en.lproj/InfoPlist.strings; sourceTree = "<group>"; };
		876927881675A53400A2EA18 /* DWXBoxHIDDriver.h */ = {isa = PBXFileReference; lastKnownFileType = sourcecode.c.h; path = DWXBoxHIDDriver.h; sourceTree = "<group>"; };
		876927891675A53400A2EA18 /* DWXBoxHIDDriver.cpp */ = {isa = PBXFileReference; lastKnownFileType = sourcecode.cpp.cpp; path = DWXBoxHIDDriver.cpp; sourceTree = "<group>"; };
		8769278B1675A53400A2EA18 /* DWXBoxHIDDriver-Prefix.pch */ = {isa = PBXFileReference; lastKnownFileType = sourcecode.c.h; path = "DWXBoxHIDDriver-Prefix.pch"; sourceTree = "<group>"; };
		876927961675A5C000A2EA18 /* DWXBoxHIDDriverKeys.h */ = {isa = PBXFileReference; fileEncoding = 4; lastKnownFileType = sourcecode.c.h; path = DWXBoxHIDDriverKeys.h; sourceTree = "<group>"; };
/* End PBXFileReference section */

/* Begin PBXFrameworksBuildPhase section */
		55008B191A1E9D2D00B82A0E /* Frameworks */ = {
			isa = PBXFrameworksBuildPhase;
			buildActionMask = 2147483647;
			files = (
				55706D431A1EA3F90000FD93 /* CoreFoundation.framework in Frameworks */,
				55706D411A1E9E1D0000FD93 /* IOKit.framework in Frameworks */,
				55706D3F1A1E9E170000FD93 /* ForceFeedback.framework in Frameworks */,
			);
			runOnlyForDeploymentPostprocessing = 0;
		};
		876927781675A53400A2EA18 /* Frameworks */ = {
			isa = PBXFrameworksBuildPhase;
			buildActionMask = 2147483647;
			files = (
			);
			runOnlyForDeploymentPostprocessing = 0;
		};
/* End PBXFrameworksBuildPhase section */

/* Begin PBXGroup section */
		55008B1D1A1E9D2D00B82A0E /* FeedbackXBox */ = {
			isa = PBXGroup;
			children = (
				55706D3C1A1E9DE10000FD93 /* FeedbackXBoxOriginal.h */,
				55706D3B1A1E9DE10000FD93 /* FeedbackXBoxOriginal.cpp */,
				55008B231A1E9D6100B82A0E /* Feedback360 */,
				55008B1E1A1E9D2D00B82A0E /* Supporting Files */,
			);
			path = FeedbackXBox;
			sourceTree = "<group>";
		};
		55008B1E1A1E9D2D00B82A0E /* Supporting Files */ = {
			isa = PBXGroup;
			children = (
				55008B1F1A1E9D2D00B82A0E /* Info.plist */,
			);
			name = "Supporting Files";
			sourceTree = "<group>";
		};
		55008B231A1E9D6100B82A0E /* Feedback360 */ = {
			isa = PBXGroup;
			children = (
				55008B251A1E9D6100B82A0E /* devlink.h */,
				55008B241A1E9D6100B82A0E /* devlink.cpp */,
				55008B2F1A1E9D6100B82A0E /* Feedback360Effect.h */,
				55008B2E1A1E9D6100B82A0E /* Feedback360Effect.cpp */,
			);
			name = Feedback360;
			path = ../../Feedback360;
			sourceTree = "<group>";
		};
		876927701675A53300A2EA18 = {
			isa = PBXGroup;
			children = (
				876927821675A53400A2EA18 /* DWXBoxHIDDriver */,
				55008B1D1A1E9D2D00B82A0E /* FeedbackXBox */,
				8769277F1675A53400A2EA18 /* Frameworks */,
				8769277E1675A53400A2EA18 /* Products */,
			);
			sourceTree = "<group>";
		};
		8769277E1675A53400A2EA18 /* Products */ = {
			isa = PBXGroup;
			children = (
				8769277D1675A53400A2EA18 /* DWXBoxHIDDriver.kext */,
				55008B1C1A1E9D2D00B82A0E /* FeedbackXBox.plugin */,
			);
			name = Products;
			sourceTree = "<group>";
		};
		8769277F1675A53400A2EA18 /* Frameworks */ = {
			isa = PBXGroup;
			children = (
				55706D421A1EA3F90000FD93 /* CoreFoundation.framework */,
				55706D401A1E9E1D0000FD93 /* IOKit.framework */,
				55706D3E1A1E9E170000FD93 /* ForceFeedback.framework */,
				876927801675A53400A2EA18 /* Other Frameworks */,
			);
			name = Frameworks;
			sourceTree = "<group>";
		};
		876927801675A53400A2EA18 /* Other Frameworks */ = {
			isa = PBXGroup;
			children = (
				876927811675A53400A2EA18 /* Kernel.framework */,
			);
			name = "Other Frameworks";
			sourceTree = "<group>";
		};
		876927821675A53400A2EA18 /* DWXBoxHIDDriver */ = {
			isa = PBXGroup;
			children = (
				876927881675A53400A2EA18 /* DWXBoxHIDDriver.h */,
				876927891675A53400A2EA18 /* DWXBoxHIDDriver.cpp */,
				876927961675A5C000A2EA18 /* DWXBoxHIDDriverKeys.h */,
				876927831675A53400A2EA18 /* Supporting Files */,
			);
			name = DWXBoxHIDDriver;
			sourceTree = "<group>";
		};
		876927831675A53400A2EA18 /* Supporting Files */ = {
			isa = PBXGroup;
			children = (
				876927841675A53400A2EA18 /* Info-DWXBoxHIDDriver__Upgraded_.plist */,
				876927851675A53400A2EA18 /* InfoPlist.strings */,
				8769278B1675A53400A2EA18 /* DWXBoxHIDDriver-Prefix.pch */,
			);
			name = "Supporting Files";
			sourceTree = "<group>";
		};
/* End PBXGroup section */

/* Begin PBXHeadersBuildPhase section */
		876927791675A53400A2EA18 /* Headers */ = {
			isa = PBXHeadersBuildPhase;
			buildActionMask = 2147483647;
			files = (
				876927971675A5C000A2EA18 /* DWXBoxHIDDriverKeys.h in Headers */,
				872993CE167751DE00CDE91A /* DWXBoxHIDDriver.h in Headers */,
			);
			runOnlyForDeploymentPostprocessing = 0;
		};
/* End PBXHeadersBuildPhase section */

/* Begin PBXNativeTarget section */
		55008B1B1A1E9D2D00B82A0E /* FeedbackXBox */ = {
			isa = PBXNativeTarget;
			buildConfigurationList = 55008B221A1E9D2D00B82A0E /* Build configuration list for PBXNativeTarget "FeedbackXBox" */;
			buildPhases = (
				55008B181A1E9D2D00B82A0E /* Sources */,
				55008B191A1E9D2D00B82A0E /* Frameworks */,
				55008B1A1A1E9D2D00B82A0E /* Resources */,
			);
			buildRules = (
			);
			dependencies = (
			);
			name = FeedbackXBox;
			productName = FeedbackXBox;
			productReference = 55008B1C1A1E9D2D00B82A0E /* FeedbackXBox.plugin */;
			productType = "com.apple.product-type.bundle";
		};
		8769277C1675A53400A2EA18 /* DWXBoxHIDDriver */ = {
			isa = PBXNativeTarget;
			buildConfigurationList = 8769278E1675A53400A2EA18 /* Build configuration list for PBXNativeTarget "DWXBoxHIDDriver" */;
			buildPhases = (
				876927771675A53400A2EA18 /* Sources */,
				876927781675A53400A2EA18 /* Frameworks */,
				876927791675A53400A2EA18 /* Headers */,
				8769277A1675A53400A2EA18 /* Resources */,
				55706D461A1EA4C70000FD93 /* Copy Plug-Ins */,
			);
			buildRules = (
			);
			dependencies = (
				55706D451A1EA4BF0000FD93 /* PBXTargetDependency */,
			);
			name = DWXBoxHIDDriver;
			productName = DWXBoxHIDDriver;
			productReference = 8769277D1675A53400A2EA18 /* DWXBoxHIDDriver.kext */;
			productType = "com.apple.product-type.kernel-extension";
		};
/* End PBXNativeTarget section */

/* Begin PBXProject section */
		876927721675A53300A2EA18 /* Project object */ = {
			isa = PBXProject;
			attributes = {
				LastUpgradeCheck = 0610;
				TargetAttributes = {
					55008B1B1A1E9D2D00B82A0E = {
						CreatedOnToolsVersion = 6.1;
					};
				};
			};
			buildConfigurationList = 876927751675A53300A2EA18 /* Build configuration list for PBXProject "DWXBoxHIDDriver" */;
			compatibilityVersion = "Xcode 3.2";
			developmentRegion = English;
			hasScannedForEncodings = 0;
			knownRegions = (
				en,
				English,
			);
			mainGroup = 876927701675A53300A2EA18;
			productRefGroup = 8769277E1675A53400A2EA18 /* Products */;
			projectDirPath = "";
			projectRoot = "";
			targets = (
				8769277C1675A53400A2EA18 /* DWXBoxHIDDriver */,
				55008B1B1A1E9D2D00B82A0E /* FeedbackXBox */,
			);
		};
/* End PBXProject section */

/* Begin PBXResourcesBuildPhase section */
		55008B1A1A1E9D2D00B82A0E /* Resources */ = {
			isa = PBXResourcesBuildPhase;
			buildActionMask = 2147483647;
			files = (
			);
			runOnlyForDeploymentPostprocessing = 0;
		};
		8769277A1675A53400A2EA18 /* Resources */ = {
			isa = PBXResourcesBuildPhase;
			buildActionMask = 2147483647;
			files = (
				876927871675A53400A2EA18 /* InfoPlist.strings in Resources */,
			);
			runOnlyForDeploymentPostprocessing = 0;
		};
/* End PBXResourcesBuildPhase section */

/* Begin PBXSourcesBuildPhase section */
		55008B181A1E9D2D00B82A0E /* Sources */ = {
			isa = PBXSourcesBuildPhase;
			buildActionMask = 2147483647;
			files = (
				55706D3D1A1E9DE10000FD93 /* FeedbackXBoxOriginal.cpp in Sources */,
				55008B371A1E9D6100B82A0E /* Feedback360Effect.cpp in Sources */,
				55008B331A1E9D6100B82A0E /* devlink.cpp in Sources */,
			);
			runOnlyForDeploymentPostprocessing = 0;
		};
		876927771675A53400A2EA18 /* Sources */ = {
			isa = PBXSourcesBuildPhase;
			buildActionMask = 2147483647;
			files = (
				8769278A1675A53400A2EA18 /* DWXBoxHIDDriver.cpp in Sources */,
			);
			runOnlyForDeploymentPostprocessing = 0;
		};
/* End PBXSourcesBuildPhase section */

/* Begin PBXTargetDependency section */
		55706D451A1EA4BF0000FD93 /* PBXTargetDependency */ = {
			isa = PBXTargetDependency;
			target = 55008B1B1A1E9D2D00B82A0E /* FeedbackXBox */;
			targetProxy = 55706D441A1EA4BF0000FD93 /* PBXContainerItemProxy */;
		};
/* End PBXTargetDependency section */

/* Begin PBXVariantGroup section */
		876927851675A53400A2EA18 /* InfoPlist.strings */ = {
			isa = PBXVariantGroup;
			children = (
				876927861675A53400A2EA18 /* en */,
			);
			name = InfoPlist.strings;
			sourceTree = "<group>";
		};
/* End PBXVariantGroup section */

/* Begin XCBuildConfiguration section */
		55008B201A1E9D2D00B82A0E /* Debug */ = {
			isa = XCBuildConfiguration;
			buildSettings = {
				ARCHS = "$(ARCHS_STANDARD_32_64_BIT)";
				CLANG_ENABLE_MODULES = YES;
				CLANG_ENABLE_OBJC_ARC = YES;
				COMBINE_HIDPI_IMAGES = YES;
				GCC_PREPROCESSOR_DEFINITIONS = "$(inherited)";
				GCC_SYMBOLS_PRIVATE_EXTERN = YES;
				INFOPLIST_FILE = FeedbackXBox/Info.plist;
				INSTALL_PATH = "$(LOCAL_LIBRARY_DIR)/Bundles";
				MTL_ENABLE_DEBUG_INFO = YES;
				PRODUCT_NAME = "$(TARGET_NAME)";
				SKIP_INSTALL = YES;
				WRAPPER_EXTENSION = plugin;
			};
			name = Debug;
		};
		55008B211A1E9D2D00B82A0E /* Release */ = {
			isa = XCBuildConfiguration;
			buildSettings = {
				ARCHS = "$(ARCHS_STANDARD_32_64_BIT)";
				CLANG_ENABLE_MODULES = YES;
				CLANG_ENABLE_OBJC_ARC = YES;
				COMBINE_HIDPI_IMAGES = YES;
				GCC_PREPROCESSOR_DEFINITIONS = "$(inherited)";
				GCC_SYMBOLS_PRIVATE_EXTERN = YES;
				INFOPLIST_FILE = FeedbackXBox/Info.plist;
				INSTALL_PATH = "$(LOCAL_LIBRARY_DIR)/Bundles";
				MTL_ENABLE_DEBUG_INFO = NO;
				PRODUCT_NAME = "$(TARGET_NAME)";
				SKIP_INSTALL = YES;
				WRAPPER_EXTENSION = plugin;
			};
			name = Release;
		};
		8769278C1675A53400A2EA18 /* Debug */ = {
			isa = XCBuildConfiguration;
			buildSettings = {
				ALWAYS_SEARCH_USER_PATHS = NO;
				CLANG_CXX_LANGUAGE_STANDARD = "gnu++0x";
				CLANG_CXX_LIBRARY = "libc++";
				CLANG_WARN_BOOL_CONVERSION = YES;
				CLANG_WARN_CONSTANT_CONVERSION = YES;
				CLANG_WARN_DIRECT_OBJC_ISA_USAGE = YES_ERROR;
				CLANG_WARN_EMPTY_BODY = YES;
				CLANG_WARN_ENUM_CONVERSION = YES;
				CLANG_WARN_INT_CONVERSION = YES;
				CLANG_WARN_OBJC_ROOT_CLASS = YES_ERROR;
				CLANG_WARN_UNREACHABLE_CODE = YES;
				CLANG_WARN__DUPLICATE_METHOD_MATCH = YES;
				COPY_PHASE_STRIP = NO;
				ENABLE_STRICT_OBJC_MSGSEND = YES;
				GCC_C_LANGUAGE_STANDARD = gnu99;
				GCC_DYNAMIC_NO_PIC = NO;
				GCC_ENABLE_OBJC_EXCEPTIONS = YES;
				GCC_OPTIMIZATION_LEVEL = 0;
				GCC_PREPROCESSOR_DEFINITIONS = (
					"DEBUG=1",
					"$(inherited)",
				);
				GCC_SYMBOLS_PRIVATE_EXTERN = NO;
				GCC_WARN_ABOUT_RETURN_TYPE = YES_ERROR;
				GCC_WARN_UNDECLARED_SELECTOR = YES;
				GCC_WARN_UNINITIALIZED_AUTOS = YES_AGGRESSIVE;
				GCC_WARN_UNUSED_FUNCTION = YES;
				GCC_WARN_UNUSED_VARIABLE = YES;
				MACOSX_DEPLOYMENT_TARGET = 10.9;
				ONLY_ACTIVE_ARCH = YES;
				SDKROOT = macosx;
			};
			name = Debug;
		};
		8769278D1675A53400A2EA18 /* Release */ = {
			isa = XCBuildConfiguration;
			buildSettings = {
				ALWAYS_SEARCH_USER_PATHS = NO;
				CLANG_CXX_LANGUAGE_STANDARD = "gnu++0x";
				CLANG_CXX_LIBRARY = "libc++";
				CLANG_WARN_BOOL_CONVERSION = YES;
				CLANG_WARN_CONSTANT_CONVERSION = YES;
				CLANG_WARN_DIRECT_OBJC_ISA_USAGE = YES_ERROR;
				CLANG_WARN_EMPTY_BODY = YES;
				CLANG_WARN_ENUM_CONVERSION = YES;
				CLANG_WARN_INT_CONVERSION = YES;
				CLANG_WARN_OBJC_ROOT_CLASS = YES_ERROR;
				CLANG_WARN_UNREACHABLE_CODE = YES;
				CLANG_WARN__DUPLICATE_METHOD_MATCH = YES;
				COPY_PHASE_STRIP = YES;
				DEBUG_INFORMATION_FORMAT = "dwarf-with-dsym";
				ENABLE_NS_ASSERTIONS = NO;
				ENABLE_STRICT_OBJC_MSGSEND = YES;
				GCC_C_LANGUAGE_STANDARD = gnu99;
				GCC_ENABLE_OBJC_EXCEPTIONS = YES;
				GCC_WARN_ABOUT_RETURN_TYPE = YES_ERROR;
				GCC_WARN_UNDECLARED_SELECTOR = YES;
				GCC_WARN_UNINITIALIZED_AUTOS = YES_AGGRESSIVE;
				GCC_WARN_UNUSED_FUNCTION = YES;
				GCC_WARN_UNUSED_VARIABLE = YES;
				MACOSX_DEPLOYMENT_TARGET = 10.9;
				ONLY_ACTIVE_ARCH = NO;
				SDKROOT = macosx;
			};
			name = Release;
		};
		8769278F1675A53400A2EA18 /* Debug */ = {
			isa = XCBuildConfiguration;
			buildSettings = {
				COMBINE_HIDPI_IMAGES = YES;
				CURRENT_PROJECT_VERSION = 2.1.0;
				GCC_PRECOMPILE_PREFIX_HEADER = YES;
				GCC_PREFIX_HEADER = "DWXBoxHIDDriver-Prefix.pch";
				INFOPLIST_FILE = "Info-DWXBoxHIDDriver__Upgraded_.plist";
				MODULE_NAME = org.walisser.driver.DWXBoxHIDDriver;
				MODULE_VERSION = 2.1.0;
				PRODUCT_NAME = "$(TARGET_NAME)";
				WRAPPER_EXTENSION = kext;
			};
			name = Debug;
		};
		876927901675A53400A2EA18 /* Release */ = {
			isa = XCBuildConfiguration;
			buildSettings = {
				COMBINE_HIDPI_IMAGES = YES;
				CURRENT_PROJECT_VERSION = 2.1.0;
				GCC_PRECOMPILE_PREFIX_HEADER = YES;
				GCC_PREFIX_HEADER = "DWXBoxHIDDriver-Prefix.pch";
				INFOPLIST_FILE = "Info-DWXBoxHIDDriver__Upgraded_.plist";
				MODULE_NAME = org.walisser.driver.DWXBoxHIDDriver;
				MODULE_VERSION = 2.1.0;
				PRODUCT_NAME = "$(TARGET_NAME)";
				WRAPPER_EXTENSION = kext;
			};
			name = Release;
		};
/* End XCBuildConfiguration section */

/* Begin XCConfigurationList section */
		55008B221A1E9D2D00B82A0E /* Build configuration list for PBXNativeTarget "FeedbackXBox" */ = {
			isa = XCConfigurationList;
			buildConfigurations = (
				55008B201A1E9D2D00B82A0E /* Debug */,
				55008B211A1E9D2D00B82A0E /* Release */,
			);
			defaultConfigurationIsVisible = 0;
			defaultConfigurationName = Release;
		};
		876927751675A53300A2EA18 /* Build configuration list for PBXProject "DWXBoxHIDDriver" */ = {
			isa = XCConfigurationList;
			buildConfigurations = (
				8769278C1675A53400A2EA18 /* Debug */,
				8769278D1675A53400A2EA18 /* Release */,
			);
			defaultConfigurationIsVisible = 0;
			defaultConfigurationName = Release;
		};
		8769278E1675A53400A2EA18 /* Build configuration list for PBXNativeTarget "DWXBoxHIDDriver" */ = {
			isa = XCConfigurationList;
			buildConfigurations = (
				8769278F1675A53400A2EA18 /* Debug */,
				876927901675A53400A2EA18 /* Release */,
			);
			defaultConfigurationIsVisible = 0;
			defaultConfigurationName = Release;
		};
/* End XCConfigurationList section */
	};
	rootObject = 876927721675A53300A2EA18 /* Project object */;
}
